// !$*UTF8*$!
{
	archiveVersion = 1;
	classes = {
	};
	objectVersion = 50;
	objects = {

/* Begin PBXBuildFile section */
		C0C13EDE2615DB1B002F164B /* AppDelegate.swift in Sources */ = {isa = PBXBuildFile; fileRef = C0C13EDD2615DB1B002F164B /* AppDelegate.swift */; };
		C0C13EE02615DB1B002F164B /* SceneDelegate.swift in Sources */ = {isa = PBXBuildFile; fileRef = C0C13EDF2615DB1B002F164B /* SceneDelegate.swift */; };
		C0C13EE22615DB1B002F164B /* ViewController.swift in Sources */ = {isa = PBXBuildFile; fileRef = C0C13EE12615DB1B002F164B /* ViewController.swift */; };
		C0C13EE52615DB1B002F164B /* Main.storyboard in Resources */ = {isa = PBXBuildFile; fileRef = C0C13EE32615DB1B002F164B /* Main.storyboard */; };
		C0C13EE72615DB1C002F164B /* Assets.xcassets in Resources */ = {isa = PBXBuildFile; fileRef = C0C13EE62615DB1C002F164B /* Assets.xcassets */; };
		C0C13EEA2615DB1C002F164B /* LaunchScreen.storyboard in Resources */ = {isa = PBXBuildFile; fileRef = C0C13EE82615DB1C002F164B /* LaunchScreen.storyboard */; };
		C0C13EF52615DB1D002F164B /* webViewPrac2Tests.swift in Sources */ = {isa = PBXBuildFile; fileRef = C0C13EF42615DB1D002F164B /* webViewPrac2Tests.swift */; };
		C0C13F002615DB1D002F164B /* webViewPrac2UITests.swift in Sources */ = {isa = PBXBuildFile; fileRef = C0C13EFF2615DB1D002F164B /* webViewPrac2UITests.swift */; };
/* End PBXBuildFile section */

/* Begin PBXContainerItemProxy section */
		C0C13EF12615DB1D002F164B /* PBXContainerItemProxy */ = {
			isa = PBXContainerItemProxy;
			containerPortal = C0C13ED22615DB1B002F164B /* Project object */;
			proxyType = 1;
			remoteGlobalIDString = C0C13ED92615DB1B002F164B;
			remoteInfo = webViewPrac2;
		};
		C0C13EFC2615DB1D002F164B /* PBXContainerItemProxy */ = {
			isa = PBXContainerItemProxy;
			containerPortal = C0C13ED22615DB1B002F164B /* Project object */;
			proxyType = 1;
			remoteGlobalIDString = C0C13ED92615DB1B002F164B;
			remoteInfo = webViewPrac2;
		};
/* End PBXContainerItemProxy section */

/* Begin PBXFileReference section */
		C0C13EDA2615DB1B002F164B /* webViewPrac2.app */ = {isa = PBXFileReference; explicitFileType = wrapper.application; includeInIndex = 0; path = webViewPrac2.app; sourceTree = BUILT_PRODUCTS_DIR; };
		C0C13EDD2615DB1B002F164B /* AppDelegate.swift */ = {isa = PBXFileReference; lastKnownFileType = sourcecode.swift; path = AppDelegate.swift; sourceTree = "<group>"; };
		C0C13EDF2615DB1B002F164B /* SceneDelegate.swift */ = {isa = PBXFileReference; lastKnownFileType = sourcecode.swift; path = SceneDelegate.swift; sourceTree = "<group>"; };
		C0C13EE12615DB1B002F164B /* ViewController.swift */ = {isa = PBXFileReference; lastKnownFileType = sourcecode.swift; path = ViewController.swift; sourceTree = "<group>"; };
		C0C13EE42615DB1B002F164B /* Base */ = {isa = PBXFileReference; lastKnownFileType = file.storyboard; name = Base; path = Base.lproj/Main.storyboard; sourceTree = "<group>"; };
		C0C13EE62615DB1C002F164B /* Assets.xcassets */ = {isa = PBXFileReference; lastKnownFileType = folder.assetcatalog; path = Assets.xcassets; sourceTree = "<group>"; };
		C0C13EE92615DB1C002F164B /* Base */ = {isa = PBXFileReference; lastKnownFileType = file.storyboard; name = Base; path = Base.lproj/LaunchScreen.storyboard; sourceTree = "<group>"; };
		C0C13EEB2615DB1C002F164B /* Info.plist */ = {isa = PBXFileReference; lastKnownFileType = text.plist.xml; path = Info.plist; sourceTree = "<group>"; };
		C0C13EF02615DB1D002F164B /* webViewPrac2Tests.xctest */ = {isa = PBXFileReference; explicitFileType = wrapper.cfbundle; includeInIndex = 0; path = webViewPrac2Tests.xctest; sourceTree = BUILT_PRODUCTS_DIR; };
		C0C13EF42615DB1D002F164B /* webViewPrac2Tests.swift */ = {isa = PBXFileReference; lastKnownFileType = sourcecode.swift; path = webViewPrac2Tests.swift; sourceTree = "<group>"; };
		C0C13EF62615DB1D002F164B /* Info.plist */ = {isa = PBXFileReference; lastKnownFileType = text.plist.xml; path = Info.plist; sourceTree = "<group>"; };
		C0C13EFB2615DB1D002F164B /* webViewPrac2UITests.xctest */ = {isa = PBXFileReference; explicitFileType = wrapper.cfbundle; includeInIndex = 0; path = webViewPrac2UITests.xctest; sourceTree = BUILT_PRODUCTS_DIR; };
		C0C13EFF2615DB1D002F164B /* webViewPrac2UITests.swift */ = {isa = PBXFileReference; lastKnownFileType = sourcecode.swift; path = webViewPrac2UITests.swift; sourceTree = "<group>"; };
		C0C13F012615DB1D002F164B /* Info.plist */ = {isa = PBXFileReference; lastKnownFileType = text.plist.xml; path = Info.plist; sourceTree = "<group>"; };
/* End PBXFileReference section */

/* Begin PBXFrameworksBuildPhase section */
		C0C13ED72615DB1B002F164B /* Frameworks */ = {
			isa = PBXFrameworksBuildPhase;
			buildActionMask = 2147483647;
			files = (
			);
			runOnlyForDeploymentPostprocessing = 0;
		};
		C0C13EED2615DB1D002F164B /* Frameworks */ = {
			isa = PBXFrameworksBuildPhase;
			buildActionMask = 2147483647;
			files = (
			);
			runOnlyForDeploymentPostprocessing = 0;
		};
		C0C13EF82615DB1D002F164B /* Frameworks */ = {
			isa = PBXFrameworksBuildPhase;
			buildActionMask = 2147483647;
			files = (
			);
			runOnlyForDeploymentPostprocessing = 0;
		};
/* End PBXFrameworksBuildPhase section */

/* Begin PBXGroup section */
		C0C13ED12615DB1B002F164B = {
			isa = PBXGroup;
			children = (
				C0C13EDC2615DB1B002F164B /* webViewPrac2 */,
				C0C13EF32615DB1D002F164B /* webViewPrac2Tests */,
				C0C13EFE2615DB1D002F164B /* webViewPrac2UITests */,
				C0C13EDB2615DB1B002F164B /* Products */,
			);
			sourceTree = "<group>";
		};
		C0C13EDB2615DB1B002F164B /* Products */ = {
			isa = PBXGroup;
			children = (
				C0C13EDA2615DB1B002F164B /* webViewPrac2.app */,
				C0C13EF02615DB1D002F164B /* webViewPrac2Tests.xctest */,
				C0C13EFB2615DB1D002F164B /* webViewPrac2UITests.xctest */,
			);
			name = Products;
			sourceTree = "<group>";
		};
		C0C13EDC2615DB1B002F164B /* webViewPrac2 */ = {
			isa = PBXGroup;
			children = (
				C0C13EDD2615DB1B002F164B /* AppDelegate.swift */,
				C0C13EDF2615DB1B002F164B /* SceneDelegate.swift */,
				C0C13EE12615DB1B002F164B /* ViewController.swift */,
				C0C13EE32615DB1B002F164B /* Main.storyboard */,
				C0C13EE62615DB1C002F164B /* Assets.xcassets */,
				C0C13EE82615DB1C002F164B /* LaunchScreen.storyboard */,
				C0C13EEB2615DB1C002F164B /* Info.plist */,
			);
			path = webViewPrac2;
			sourceTree = "<group>";
		};
		C0C13EF32615DB1D002F164B /* webViewPrac2Tests */ = {
			isa = PBXGroup;
			children = (
				C0C13EF42615DB1D002F164B /* webViewPrac2Tests.swift */,
				C0C13EF62615DB1D002F164B /* Info.plist */,
			);
			path = webViewPrac2Tests;
			sourceTree = "<group>";
		};
		C0C13EFE2615DB1D002F164B /* webViewPrac2UITests */ = {
			isa = PBXGroup;
			children = (
				C0C13EFF2615DB1D002F164B /* webViewPrac2UITests.swift */,
				C0C13F012615DB1D002F164B /* Info.plist */,
			);
			path = webViewPrac2UITests;
			sourceTree = "<group>";
		};
/* End PBXGroup section */

/* Begin PBXNativeTarget section */
		C0C13ED92615DB1B002F164B /* webViewPrac2 */ = {
			isa = PBXNativeTarget;
			buildConfigurationList = C0C13F042615DB1D002F164B /* Build configuration list for PBXNativeTarget "webViewPrac2" */;
			buildPhases = (
				C0C13ED62615DB1B002F164B /* Sources */,
				C0C13ED72615DB1B002F164B /* Frameworks */,
				C0C13ED82615DB1B002F164B /* Resources */,
			);
			buildRules = (
			);
			dependencies = (
			);
			name = webViewPrac2;
			productName = webViewPrac2;
			productReference = C0C13EDA2615DB1B002F164B /* webViewPrac2.app */;
			productType = "com.apple.product-type.application";
		};
		C0C13EEF2615DB1D002F164B /* webViewPrac2Tests */ = {
			isa = PBXNativeTarget;
			buildConfigurationList = C0C13F072615DB1D002F164B /* Build configuration list for PBXNativeTarget "webViewPrac2Tests" */;
			buildPhases = (
				C0C13EEC2615DB1D002F164B /* Sources */,
				C0C13EED2615DB1D002F164B /* Frameworks */,
				C0C13EEE2615DB1D002F164B /* Resources */,
			);
			buildRules = (
			);
			dependencies = (
				C0C13EF22615DB1D002F164B /* PBXTargetDependency */,
			);
			name = webViewPrac2Tests;
			productName = webViewPrac2Tests;
			productReference = C0C13EF02615DB1D002F164B /* webViewPrac2Tests.xctest */;
			productType = "com.apple.product-type.bundle.unit-test";
		};
		C0C13EFA2615DB1D002F164B /* webViewPrac2UITests */ = {
			isa = PBXNativeTarget;
			buildConfigurationList = C0C13F0A2615DB1D002F164B /* Build configuration list for PBXNativeTarget "webViewPrac2UITests" */;
			buildPhases = (
				C0C13EF72615DB1D002F164B /* Sources */,
				C0C13EF82615DB1D002F164B /* Frameworks */,
				C0C13EF92615DB1D002F164B /* Resources */,
			);
			buildRules = (
			);
			dependencies = (
				C0C13EFD2615DB1D002F164B /* PBXTargetDependency */,
			);
			name = webViewPrac2UITests;
			productName = webViewPrac2UITests;
			productReference = C0C13EFB2615DB1D002F164B /* webViewPrac2UITests.xctest */;
			productType = "com.apple.product-type.bundle.ui-testing";
		};
/* End PBXNativeTarget section */

/* Begin PBXProject section */
		C0C13ED22615DB1B002F164B /* Project object */ = {
			isa = PBXProject;
			attributes = {
				LastSwiftUpdateCheck = 1210;
				LastUpgradeCheck = 1210;
				TargetAttributes = {
					C0C13ED92615DB1B002F164B = {
						CreatedOnToolsVersion = 12.1;
					};
					C0C13EEF2615DB1D002F164B = {
						CreatedOnToolsVersion = 12.1;
						TestTargetID = C0C13ED92615DB1B002F164B;
					};
					C0C13EFA2615DB1D002F164B = {
						CreatedOnToolsVersion = 12.1;
						TestTargetID = C0C13ED92615DB1B002F164B;
					};
				};
			};
			buildConfigurationList = C0C13ED52615DB1B002F164B /* Build configuration list for PBXProject "webViewPrac2" */;
			compatibilityVersion = "Xcode 9.3";
			developmentRegion = en;
			hasScannedForEncodings = 0;
			knownRegions = (
				en,
				Base,
			);
			mainGroup = C0C13ED12615DB1B002F164B;
			productRefGroup = C0C13EDB2615DB1B002F164B /* Products */;
			projectDirPath = "";
			projectRoot = "";
			targets = (
				C0C13ED92615DB1B002F164B /* webViewPrac2 */,
				C0C13EEF2615DB1D002F164B /* webViewPrac2Tests */,
				C0C13EFA2615DB1D002F164B /* webViewPrac2UITests */,
			);
		};
/* End PBXProject section */

/* Begin PBXResourcesBuildPhase section */
		C0C13ED82615DB1B002F164B /* Resources */ = {
			isa = PBXResourcesBuildPhase;
			buildActionMask = 2147483647;
			files = (
				C0C13EEA2615DB1C002F164B /* LaunchScreen.storyboard in Resources */,
				C0C13EE72615DB1C002F164B /* Assets.xcassets in Resources */,
				C0C13EE52615DB1B002F164B /* Main.storyboard in Resources */,
			);
			runOnlyForDeploymentPostprocessing = 0;
		};
		C0C13EEE2615DB1D002F164B /* Resources */ = {
			isa = PBXResourcesBuildPhase;
			buildActionMask = 2147483647;
			files = (
			);
			runOnlyForDeploymentPostprocessing = 0;
		};
		C0C13EF92615DB1D002F164B /* Resources */ = {
			isa = PBXResourcesBuildPhase;
			buildActionMask = 2147483647;
			files = (
			);
			runOnlyForDeploymentPostprocessing = 0;
		};
/* End PBXResourcesBuildPhase section */

/* Begin PBXSourcesBuildPhase section */
		C0C13ED62615DB1B002F164B /* Sources */ = {
			isa = PBXSourcesBuildPhase;
			buildActionMask = 2147483647;
			files = (
				C0C13EE22615DB1B002F164B /* ViewController.swift in Sources */,
				C0C13EDE2615DB1B002F164B /* AppDelegate.swift in Sources */,
				C0C13EE02615DB1B002F164B /* SceneDelegate.swift in Sources */,
			);
			runOnlyForDeploymentPostprocessing = 0;
		};
		C0C13EEC2615DB1D002F164B /* Sources */ = {
			isa = PBXSourcesBuildPhase;
			buildActionMask = 2147483647;
			files = (
				C0C13EF52615DB1D002F164B /* webViewPrac2Tests.swift in Sources */,
			);
			runOnlyForDeploymentPostprocessing = 0;
		};
		C0C13EF72615DB1D002F164B /* Sources */ = {
			isa = PBXSourcesBuildPhase;
			buildActionMask = 2147483647;
			files = (
				C0C13F002615DB1D002F164B /* webViewPrac2UITests.swift in Sources */,
			);
			runOnlyForDeploymentPostprocessing = 0;
		};
/* End PBXSourcesBuildPhase section */

/* Begin PBXTargetDependency section */
		C0C13EF22615DB1D002F164B /* PBXTargetDependency */ = {
			isa = PBXTargetDependency;
			target = C0C13ED92615DB1B002F164B /* webViewPrac2 */;
			targetProxy = C0C13EF12615DB1D002F164B /* PBXContainerItemProxy */;
		};
		C0C13EFD2615DB1D002F164B /* PBXTargetDependency */ = {
			isa = PBXTargetDependency;
			target = C0C13ED92615DB1B002F164B /* webViewPrac2 */;
			targetProxy = C0C13EFC2615DB1D002F164B /* PBXContainerItemProxy */;
		};
/* End PBXTargetDependency section */

/* Begin PBXVariantGroup section */
		C0C13EE32615DB1B002F164B /* Main.storyboard */ = {
			isa = PBXVariantGroup;
			children = (
				C0C13EE42615DB1B002F164B /* Base */,
			);
			name = Main.storyboard;
			sourceTree = "<group>";
		};
		C0C13EE82615DB1C002F164B /* LaunchScreen.storyboard */ = {
			isa = PBXVariantGroup;
			children = (
				C0C13EE92615DB1C002F164B /* Base */,
			);
			name = LaunchScreen.storyboard;
			sourceTree = "<group>";
		};
/* End PBXVariantGroup section */

/* Begin XCBuildConfiguration section */
		C0C13F022615DB1D002F164B /* Debug */ = {
			isa = XCBuildConfiguration;
			buildSettings = {
				ALWAYS_SEARCH_USER_PATHS = NO;
				CLANG_ANALYZER_NONNULL = YES;
				CLANG_ANALYZER_NUMBER_OBJECT_CONVERSION = YES_AGGRESSIVE;
				CLANG_CXX_LANGUAGE_STANDARD = "gnu++14";
				CLANG_CXX_LIBRARY = "libc++";
				CLANG_ENABLE_MODULES = YES;
				CLANG_ENABLE_OBJC_ARC = YES;
				CLANG_ENABLE_OBJC_WEAK = YES;
				CLANG_WARN_BLOCK_CAPTURE_AUTORELEASING = YES;
				CLANG_WARN_BOOL_CONVERSION = YES;
				CLANG_WARN_COMMA = YES;
				CLANG_WARN_CONSTANT_CONVERSION = YES;
				CLANG_WARN_DEPRECATED_OBJC_IMPLEMENTATIONS = YES;
				CLANG_WARN_DIRECT_OBJC_ISA_USAGE = YES_ERROR;
				CLANG_WARN_DOCUMENTATION_COMMENTS = YES;
				CLANG_WARN_EMPTY_BODY = YES;
				CLANG_WARN_ENUM_CONVERSION = YES;
				CLANG_WARN_INFINITE_RECURSION = YES;
				CLANG_WARN_INT_CONVERSION = YES;
				CLANG_WARN_NON_LITERAL_NULL_CONVERSION = YES;
				CLANG_WARN_OBJC_IMPLICIT_RETAIN_SELF = YES;
				CLANG_WARN_OBJC_LITERAL_CONVERSION = YES;
				CLANG_WARN_OBJC_ROOT_CLASS = YES_ERROR;
				CLANG_WARN_QUOTED_INCLUDE_IN_FRAMEWORK_HEADER = YES;
				CLANG_WARN_RANGE_LOOP_ANALYSIS = YES;
				CLANG_WARN_STRICT_PROTOTYPES = YES;
				CLANG_WARN_SUSPICIOUS_MOVE = YES;
				CLANG_WARN_UNGUARDED_AVAILABILITY = YES_AGGRESSIVE;
				CLANG_WARN_UNREACHABLE_CODE = YES;
				CLANG_WARN__DUPLICATE_METHOD_MATCH = YES;
				COPY_PHASE_STRIP = NO;
				DEBUG_INFORMATION_FORMAT = dwarf;
				ENABLE_STRICT_OBJC_MSGSEND = YES;
				ENABLE_TESTABILITY = YES;
				GCC_C_LANGUAGE_STANDARD = gnu11;
				GCC_DYNAMIC_NO_PIC = NO;
				GCC_NO_COMMON_BLOCKS = YES;
				GCC_OPTIMIZATION_LEVEL = 0;
				GCC_PREPROCESSOR_DEFINITIONS = (
					"DEBUG=1",
					"$(inherited)",
				);
				GCC_WARN_64_TO_32_BIT_CONVERSION = YES;
				GCC_WARN_ABOUT_RETURN_TYPE = YES_ERROR;
				GCC_WARN_UNDECLARED_SELECTOR = YES;
				GCC_WARN_UNINITIALIZED_AUTOS = YES_AGGRESSIVE;
				GCC_WARN_UNUSED_FUNCTION = YES;
				GCC_WARN_UNUSED_VARIABLE = YES;
				IPHONEOS_DEPLOYMENT_TARGET = 14.1;
				MTL_ENABLE_DEBUG_INFO = INCLUDE_SOURCE;
				MTL_FAST_MATH = YES;
				ONLY_ACTIVE_ARCH = YES;
				SDKROOT = iphoneos;
				SWIFT_ACTIVE_COMPILATION_CONDITIONS = DEBUG;
				SWIFT_OPTIMIZATION_LEVEL = "-Onone";
			};
			name = Debug;
		};
		C0C13F032615DB1D002F164B /* Release */ = {
			isa = XCBuildConfiguration;
			buildSettings = {
				ALWAYS_SEARCH_USER_PATHS = NO;
				CLANG_ANALYZER_NONNULL = YES;
				CLANG_ANALYZER_NUMBER_OBJECT_CONVERSION = YES_AGGRESSIVE;
				CLANG_CXX_LANGUAGE_STANDARD = "gnu++14";
				CLANG_CXX_LIBRARY = "libc++";
				CLANG_ENABLE_MODULES = YES;
				CLANG_ENABLE_OBJC_ARC = YES;
				CLANG_ENABLE_OBJC_WEAK = YES;
				CLANG_WARN_BLOCK_CAPTURE_AUTORELEASING = YES;
				CLANG_WARN_BOOL_CONVERSION = YES;
				CLANG_WARN_COMMA = YES;
				CLANG_WARN_CONSTANT_CONVERSION = YES;
				CLANG_WARN_DEPRECATED_OBJC_IMPLEMENTATIONS = YES;
				CLANG_WARN_DIRECT_OBJC_ISA_USAGE = YES_ERROR;
				CLANG_WARN_DOCUMENTATION_COMMENTS = YES;
				CLANG_WARN_EMPTY_BODY = YES;
				CLANG_WARN_ENUM_CONVERSION = YES;
				CLANG_WARN_INFINITE_RECURSION = YES;
				CLANG_WARN_INT_CONVERSION = YES;
				CLANG_WARN_NON_LITERAL_NULL_CONVERSION = YES;
				CLANG_WARN_OBJC_IMPLICIT_RETAIN_SELF = YES;
				CLANG_WARN_OBJC_LITERAL_CONVERSION = YES;
				CLANG_WARN_OBJC_ROOT_CLASS = YES_ERROR;
				CLANG_WARN_QUOTED_INCLUDE_IN_FRAMEWORK_HEADER = YES;
				CLANG_WARN_RANGE_LOOP_ANALYSIS = YES;
				CLANG_WARN_STRICT_PROTOTYPES = YES;
				CLANG_WARN_SUSPICIOUS_MOVE = YES;
				CLANG_WARN_UNGUARDED_AVAILABILITY = YES_AGGRESSIVE;
				CLANG_WARN_UNREACHABLE_CODE = YES;
				CLANG_WARN__DUPLICATE_METHOD_MATCH = YES;
				COPY_PHASE_STRIP = NO;
				DEBUG_INFORMATION_FORMAT = "dwarf-with-dsym";
				ENABLE_NS_ASSERTIONS = NO;
				ENABLE_STRICT_OBJC_MSGSEND = YES;
				GCC_C_LANGUAGE_STANDARD = gnu11;
				GCC_NO_COMMON_BLOCKS = YES;
				GCC_WARN_64_TO_32_BIT_CONVERSION = YES;
				GCC_WARN_ABOUT_RETURN_TYPE = YES_ERROR;
				GCC_WARN_UNDECLARED_SELECTOR = YES;
				GCC_WARN_UNINITIALIZED_AUTOS = YES_AGGRESSIVE;
				GCC_WARN_UNUSED_FUNCTION = YES;
				GCC_WARN_UNUSED_VARIABLE = YES;
				IPHONEOS_DEPLOYMENT_TARGET = 14.1;
				MTL_ENABLE_DEBUG_INFO = NO;
				MTL_FAST_MATH = YES;
				SDKROOT = iphoneos;
				SWIFT_COMPILATION_MODE = wholemodule;
				SWIFT_OPTIMIZATION_LEVEL = "-O";
				VALIDATE_PRODUCT = YES;
			};
			name = Release;
		};
		C0C13F052615DB1D002F164B /* Debug */ = {
			isa = XCBuildConfiguration;
			buildSettings = {
				ASSETCATALOG_COMPILER_APPICON_NAME = AppIcon;
				ASSETCATALOG_COMPILER_GLOBAL_ACCENT_COLOR_NAME = AccentColor;
				CODE_SIGN_STYLE = Automatic;
				DEVELOPMENT_TEAM = 2JH59PJA68;
				INFOPLIST_FILE = webViewPrac2/Info.plist;
				LD_RUNPATH_SEARCH_PATHS = (
					"$(inherited)",
					"@executable_path/Frameworks",
				);
				PRODUCT_BUNDLE_IDENTIFIER = com.coocon.webViewPrac2;
				PRODUCT_NAME = "$(TARGET_NAME)";
				SWIFT_VERSION = 5.0;
				TARGETED_DEVICE_FAMILY = "1,2";
			};
			name = Debug;
		};
		C0C13F062615DB1D002F164B /* Release */ = {
			isa = XCBuildConfiguration;
			buildSettings = {
				ASSETCATALOG_COMPILER_APPICON_NAME = AppIcon;
				ASSETCATALOG_COMPILER_GLOBAL_ACCENT_COLOR_NAME = AccentColor;
				CODE_SIGN_STYLE = Automatic;
				DEVELOPMENT_TEAM = 2JH59PJA68;
				INFOPLIST_FILE = webViewPrac2/Info.plist;
				LD_RUNPATH_SEARCH_PATHS = (
					"$(inherited)",
					"@executable_path/Frameworks",
				);
				PRODUCT_BUNDLE_IDENTIFIER = com.coocon.webViewPrac2;
				PRODUCT_NAME = "$(TARGET_NAME)";
				SWIFT_VERSION = 5.0;
				TARGETED_DEVICE_FAMILY = "1,2";
			};
			name = Release;
		};
		C0C13F082615DB1D002F164B /* Debug */ = {
			isa = XCBuildConfiguration;
			buildSettings = {
				ALWAYS_EMBED_SWIFT_STANDARD_LIBRARIES = YES;
				BUNDLE_LOADER = "$(TEST_HOST)";
				CODE_SIGN_STYLE = Automatic;
				DEVELOPMENT_TEAM = 2JH59PJA68;
				INFOPLIST_FILE = webViewPrac2Tests/Info.plist;
				IPHONEOS_DEPLOYMENT_TARGET = 14.1;
				LD_RUNPATH_SEARCH_PATHS = (
					"$(inherited)",
					"@executable_path/Frameworks",
					"@loader_path/Frameworks",
				);
				PRODUCT_BUNDLE_IDENTIFIER = com.coocon.webViewPrac2Tests;
				PRODUCT_NAME = "$(TARGET_NAME)";
				SWIFT_VERSION = 5.0;
				TARGETED_DEVICE_FAMILY = "1,2";
				TEST_HOST = "$(BUILT_PRODUCTS_DIR)/webViewPrac2.app/webViewPrac2";
			};
			name = Debug;
		};
		C0C13F092615DB1D002F164B /* Release */ = {
			isa = XCBuildConfiguration;
			buildSettings = {
				ALWAYS_EMBED_SWIFT_STANDARD_LIBRARIES = YES;
				BUNDLE_LOADER = "$(TEST_HOST)";
				CODE_SIGN_STYLE = Automatic;
				DEVELOPMENT_TEAM = 2JH59PJA68;
				INFOPLIST_FILE = webViewPrac2Tests/Info.plist;
				IPHONEOS_DEPLOYMENT_TARGET = 14.1;
				LD_RUNPATH_SEARCH_PATHS = (
					"$(inherited)",
					"@executable_path/Frameworks",
					"@loader_path/Frameworks",
				);
				PRODUCT_BUNDLE_IDENTIFIER = com.coocon.webViewPrac2Tests;
				PRODUCT_NAME = "$(TARGET_NAME)";
				SWIFT_VERSION = 5.0;
				TARGETED_DEVICE_FAMILY = "1,2";
				TEST_HOST = "$(BUILT_PRODUCTS_DIR)/webViewPrac2.app/webViewPrac2";
			};
			name = Release;
		};
		C0C13F0B2615DB1D002F164B /* Debug */ = {
			isa = XCBuildConfiguration;
			buildSettings = {
				ALWAYS_EMBED_SWIFT_STANDARD_LIBRARIES = YES;
				CODE_SIGN_STYLE = Automatic;
				DEVELOPMENT_TEAM = 2JH59PJA68;
				INFOPLIST_FILE = webViewPrac2UITests/Info.plist;
				LD_RUNPATH_SEARCH_PATHS = (
					"$(inherited)",
					"@executable_path/Frameworks",
					"@loader_path/Frameworks",
				);
				PRODUCT_BUNDLE_IDENTIFIER = com.coocon.webViewPrac2UITests;
				PRODUCT_NAME = "$(TARGET_NAME)";
				SWIFT_VERSION = 5.0;
				TARGETED_DEVICE_FAMILY = "1,2";
				TEST_TARGET_NAME = webViewPrac2;
			};
			name = Debug;
		};
		C0C13F0C2615DB1D002F164B /* Release */ = {
			isa = XCBuildConfiguration;
			buildSettings = {
				ALWAYS_EMBED_SWIFT_STANDARD_LIBRARIES = YES;
				CODE_SIGN_STYLE = Automatic;
				DEVELOPMENT_TEAM = 2JH59PJA68;
				INFOPLIST_FILE = webViewPrac2UITests/Info.plist;
				LD_RUNPATH_SEARCH_PATHS = (
					"$(inherited)",
					"@executable_path/Frameworks",
					"@loader_path/Frameworks",
				);
				PRODUCT_BUNDLE_IDENTIFIER = com.coocon.webViewPrac2UITests;
				PRODUCT_NAME = "$(TARGET_NAME)";
				SWIFT_VERSION = 5.0;
				TARGETED_DEVICE_FAMILY = "1,2";
				TEST_TARGET_NAME = webViewPrac2;
			};
			name = Release;
		};
/* End XCBuildConfiguration section */

/* Begin XCConfigurationList section */
		C0C13ED52615DB1B002F164B /* Build configuration list for PBXProject "webViewPrac2" */ = {
			isa = XCConfigurationList;
			buildConfigurations = (
				C0C13F022615DB1D002F164B /* Debug */,
				C0C13F032615DB1D002F164B /* Release */,
			);
			defaultConfigurationIsVisible = 0;
			defaultConfigurationName = Release;
		};
		C0C13F042615DB1D002F164B /* Build configuration list for PBXNativeTarget "webViewPrac2" */ = {
			isa = XCConfigurationList;
			buildConfigurations = (
				C0C13F052615DB1D002F164B /* Debug */,
				C0C13F062615DB1D002F164B /* Release */,
			);
			defaultConfigurationIsVisible = 0;
			defaultConfigurationName = Release;
		};
		C0C13F072615DB1D002F164B /* Build configuration list for PBXNativeTarget "webViewPrac2Tests" */ = {
			isa = XCConfigurationList;
			buildConfigurations = (
				C0C13F082615DB1D002F164B /* Debug */,
				C0C13F092615DB1D002F164B /* Release */,
			);
			defaultConfigurationIsVisible = 0;
			defaultConfigurationName = Release;
		};
		C0C13F0A2615DB1D002F164B /* Build configuration list for PBXNativeTarget "webViewPrac2UITests" */ = {
			isa = XCConfigurationList;
			buildConfigurations = (
				C0C13F0B2615DB1D002F164B /* Debug */,
				C0C13F0C2615DB1D002F164B /* Release */,
			);
			defaultConfigurationIsVisible = 0;
			defaultConfigurationName = Release;
		};
/* End XCConfigurationList section */
	};
	rootObject = C0C13ED22615DB1B002F164B /* Project object */;
}
